
Microsoft Visual Studio Solution File, Format Version 12.00
# Visual Studio Express 2013 for Windows Desktop
VisualStudioVersion = 12.0.21005.1
MinimumVisualStudioVersion = 10.0.40219.1
Project("{8BC9CEB8-8B4A-11D0-8D11-00A0C91BC942}") = "001", "001\001.vcxproj", "{920C8525-C330-40F3-97A2-A9FA48224C90}"
EndProject
Project("{8BC9CEB8-8B4A-11D0-8D11-00A0C91BC942}") = "002", "002\002.vcxproj", "{2D8B015D-9542-4650-8D30-60CFFB8FFB20}"
EndProject
Global
	GlobalSection(SolutionConfigurationPlatforms) = preSolution
		Debug|Win32 = Debug|Win32
		Release|Win32 = Release|Win32
	EndGlobalSection
	GlobalSection(ProjectConfigurationPlatforms) = postSolution
		{920C8525-C330-40F3-97A2-A9FA48224C90}.Debug|Win32.ActiveCfg = Debug|Win32
		{920C8525-C330-40F3-97A2-A9FA48224C90}.Debug|Win32.Build.0 = Debug|Win32
		{920C8525-C330-40F3-97A2-A9FA48224C90}.Release|Win32.ActiveCfg = Release|Win32
		{920C8525-C330-40F3-97A2-A9FA48224C90}.Release|Win32.Build.0 = Release|Win32
		{2D8B015D-9542-4650-8D30-60CFFB8FFB20}.Debug|Win32.ActiveCfg = Debug|Win32
		{2D8B015D-9542-4650-8D30-60CFFB8FFB20}.Debug|Win32.Build.0 = Debug|Win32
		{2D8B015D-9542-4650-8D30-60CFFB8FFB20}.Release|Win32.ActiveCfg = Release|Win32
		{2D8B015D-9542-4650-8D30-60CFFB8FFB20}.Release|Win32.Build.0 = Release|Win32
	EndGlobalSection
	GlobalSection(SolutionProperties) = preSolution
		HideSolutionNode = FALSE
	EndGlobalSection
EndGlobal
